
Microsoft Visual Studio Solution File, Format Version 12.00
Project("{FAE04EC0-301F-11D3-BF4B-00C04F79EFBC}") = "SoapClientDotNet", "SoapClientDotNet\SoapClientDotNet.csproj", "{3AF8175C-8A48-4FFD-9128-250AFCC66BEC}"
EndProject
Global
	GlobalSection(SolutionConfigurationPlatforms) = preSolution
		Debug|Any CPU = Debug|Any CPU
		Release|Any CPU = Release|Any CPU
	EndGlobalSection
	GlobalSection(ProjectConfigurationPlatforms) = postSolution
		{3AF8175C-8A48-4FFD-9128-250AFCC66BEC}.Debug|Any CPU.ActiveCfg = Debug|Any CPU
		{3AF8175C-8A48-4FFD-9128-250AFCC66BEC}.Debug|Any CPU.Build.0 = Debug|Any CPU
		{3AF8175C-8A48-4FFD-9128-250AFCC66BEC}.Release|Any CPU.ActiveCfg = Release|Any CPU
		{3AF8175C-8A48-4FFD-9128-250AFCC66BEC}.Release|Any CPU.Build.0 = Release|Any CPU
	EndGlobalSection
EndGlobal
